
Microsoft Visual Studio Solution File, Format Version 12.00
# Visual Studio Version 17
VisualStudioVersion = 17.0.31717.71
MinimumVisualStudioVersion = 10.0.40219.1
Project("{8BC9CEB8-8B4A-11D0-8D11-00A0C91BC942}") = "ATourOfC++", "ATourOfC++\ATourOfC++.vcxproj", "{B756BDD2-A15D-4A1C-820F-D756A79D9E79}"
EndProject
Project("{8BC9CEB8-8B4A-11D0-8D11-00A0C91BC942}") = "FunctionalProgrammingInC++", "FunctionalProgrammingInC++\FunctionalProgrammingInC++.vcxproj", "{D6CA3483-B59F-4F57-9955-DDC3CC950278}"
EndProject
Project("{8BC9CEB8-8B4A-11D0-8D11-00A0C91BC942}") = "C++BestPracticesForDevelopers", "C++BestPracticesForDevelopers\C++BestPracticesForDevelopers.vcxproj", "{F993B250-6DA7-4C5B-8B19-B7206ECD0BAD}"
EndProject
Project("{8BC9CEB8-8B4A-11D0-8D11-00A0C91BC942}") = "StackOverflowQuestions", "StackOverflowQuestions\StackOverflowQuestions.vcxproj", "{628B7F5C-D5BB-464D-8DDA-371EE72BD706}"
EndProject
Project("{8BC9CEB8-8B4A-11D0-8D11-00A0C91BC942}") = "C++TemplatesAndTheStl", "C++TemplatesAndTheStl\C++TemplatesAndTheStl.vcxproj", "{6B490FE4-85C6-4F1B-B081-0B9FA5E1884B}"
EndProject
Project("{8BC9CEB8-8B4A-11D0-8D11-00A0C91BC942}") = "CodeClinicC++", "CodeClinicC++\CodeClinicC++.vcxproj", "{5096B9B7-1DD9-4580-A0D1-0A9448C7E6E1}"
EndProject
Project("{8BC9CEB8-8B4A-11D0-8D11-00A0C91BC942}") = "EffectiveModernC++", "EffectiveModernC++\EffectiveModernC++.vcxproj", "{CB77BA62-F6D6-4AC5-85FF-121B29D2A804}"
EndProject
Project("{8BC9CEB8-8B4A-11D0-8D11-00A0C91BC942}") = "Other", "Other\Other.vcxproj", "{54BDDEA6-75D5-4017-91E5-6F07B5E9C276}"
EndProject
Project("{8BC9CEB8-8B4A-11D0-8D11-00A0C91BC942}") = "C++20_By_Andreas_Fertig", "C++20_By_Andreas_Fertig\C++20_By_Andreas_Fertig.vcxproj", "{56327771-E3D2-4F9D-B441-797407AC6A11}"
EndProject
Project("{2150E333-8FDC-42A3-9474-1A3956D46DE8}") = "Solution Items", "Solution Items", "{58E27341-A0BB-4B93-86E8-3392A193AD0A}"
	ProjectSection(SolutionItems) = preProject
		README.md = README.md
	EndProjectSection
EndProject
Project("{2150E333-8FDC-42A3-9474-1A3956D46DE8}") = "inc", "inc", "{0E209F6A-FF36-40CA-AC4B-A452D4A37600}"
	ProjectSection(SolutionItems) = preProject
		inc\RtcConsoleRead.h = inc\RtcConsoleRead.h
		inc\RtcFilesystem.h = inc\RtcFilesystem.h
		inc\RtcPrettyPrint.h = inc\RtcPrettyPrint.h
		inc\RtcPrint.h = inc\RtcPrint.h
		inc\RtcRandom.h = inc\RtcRandom.h
		inc\RtcSstream.h = inc\RtcSstream.h
		inc\RtcString.h = inc\RtcString.h
		inc\RtcTimer.h = inc\RtcTimer.h
	EndProjectSection
EndProject
Project("{8BC9CEB8-8B4A-11D0-8D11-00A0C91BC942}") = "CppCon2021", "CppCon2021\CppCon2021.vcxproj", "{33465EBB-499C-44BD-A017-EF915A23DE0A}"
EndProject
Global
	GlobalSection(SolutionConfigurationPlatforms) = preSolution
		Debug|x64 = Debug|x64
		Debug|x86 = Debug|x86
		Release|x64 = Release|x64
		Release|x86 = Release|x86
	EndGlobalSection
	GlobalSection(ProjectConfigurationPlatforms) = postSolution
		{B756BDD2-A15D-4A1C-820F-D756A79D9E79}.Debug|x64.ActiveCfg = Debug|x64
		{B756BDD2-A15D-4A1C-820F-D756A79D9E79}.Debug|x64.Build.0 = Debug|x64
		{B756BDD2-A15D-4A1C-820F-D756A79D9E79}.Debug|x86.ActiveCfg = Debug|Win32
		{B756BDD2-A15D-4A1C-820F-D756A79D9E79}.Debug|x86.Build.0 = Debug|Win32
		{B756BDD2-A15D-4A1C-820F-D756A79D9E79}.Release|x64.ActiveCfg = Release|x64
		{B756BDD2-A15D-4A1C-820F-D756A79D9E79}.Release|x64.Build.0 = Release|x64
		{B756BDD2-A15D-4A1C-820F-D756A79D9E79}.Release|x86.ActiveCfg = Release|Win32
		{B756BDD2-A15D-4A1C-820F-D756A79D9E79}.Release|x86.Build.0 = Release|Win32
		{D6CA3483-B59F-4F57-9955-DDC3CC950278}.Debug|x64.ActiveCfg = Debug|x64
		{D6CA3483-B59F-4F57-9955-DDC3CC950278}.Debug|x64.Build.0 = Debug|x64
		{D6CA3483-B59F-4F57-9955-DDC3CC950278}.Debug|x86.ActiveCfg = Debug|Win32
		{D6CA3483-B59F-4F57-9955-DDC3CC950278}.Debug|x86.Build.0 = Debug|Win32
		{D6CA3483-B59F-4F57-9955-DDC3CC950278}.Release|x64.ActiveCfg = Release|x64
		{D6CA3483-B59F-4F57-9955-DDC3CC950278}.Release|x64.Build.0 = Release|x64
		{D6CA3483-B59F-4F57-9955-DDC3CC950278}.Release|x86.ActiveCfg = Release|Win32
		{D6CA3483-B59F-4F57-9955-DDC3CC950278}.Release|x86.Build.0 = Release|Win32
		{F993B250-6DA7-4C5B-8B19-B7206ECD0BAD}.Debug|x64.ActiveCfg = Debug|x64
		{F993B250-6DA7-4C5B-8B19-B7206ECD0BAD}.Debug|x64.Build.0 = Debug|x64
		{F993B250-6DA7-4C5B-8B19-B7206ECD0BAD}.Debug|x86.ActiveCfg = Debug|Win32
		{F993B250-6DA7-4C5B-8B19-B7206ECD0BAD}.Debug|x86.Build.0 = Debug|Win32
		{F993B250-6DA7-4C5B-8B19-B7206ECD0BAD}.Release|x64.ActiveCfg = Release|x64
		{F993B250-6DA7-4C5B-8B19-B7206ECD0BAD}.Release|x64.Build.0 = Release|x64
		{F993B250-6DA7-4C5B-8B19-B7206ECD0BAD}.Release|x86.ActiveCfg = Release|Win32
		{F993B250-6DA7-4C5B-8B19-B7206ECD0BAD}.Release|x86.Build.0 = Release|Win32
		{628B7F5C-D5BB-464D-8DDA-371EE72BD706}.Debug|x64.ActiveCfg = Debug|x64
		{628B7F5C-D5BB-464D-8DDA-371EE72BD706}.Debug|x64.Build.0 = Debug|x64
		{628B7F5C-D5BB-464D-8DDA-371EE72BD706}.Debug|x86.ActiveCfg = Debug|Win32
		{628B7F5C-D5BB-464D-8DDA-371EE72BD706}.Debug|x86.Build.0 = Debug|Win32
		{628B7F5C-D5BB-464D-8DDA-371EE72BD706}.Release|x64.ActiveCfg = Release|x64
		{628B7F5C-D5BB-464D-8DDA-371EE72BD706}.Release|x64.Build.0 = Release|x64
		{628B7F5C-D5BB-464D-8DDA-371EE72BD706}.Release|x86.ActiveCfg = Release|Win32
		{628B7F5C-D5BB-464D-8DDA-371EE72BD706}.Release|x86.Build.0 = Release|Win32
		{6B490FE4-85C6-4F1B-B081-0B9FA5E1884B}.Debug|x64.ActiveCfg = Debug|x64
		{6B490FE4-85C6-4F1B-B081-0B9FA5E1884B}.Debug|x64.Build.0 = Debug|x64
		{6B490FE4-85C6-4F1B-B081-0B9FA5E1884B}.Debug|x86.ActiveCfg = Debug|Win32
		{6B490FE4-85C6-4F1B-B081-0B9FA5E1884B}.Debug|x86.Build.0 = Debug|Win32
		{6B490FE4-85C6-4F1B-B081-0B9FA5E1884B}.Release|x64.ActiveCfg = Release|x64
		{6B490FE4-85C6-4F1B-B081-0B9FA5E1884B}.Release|x64.Build.0 = Release|x64
		{6B490FE4-85C6-4F1B-B081-0B9FA5E1884B}.Release|x86.ActiveCfg = Release|Win32
		{6B490FE4-85C6-4F1B-B081-0B9FA5E1884B}.Release|x86.Build.0 = Release|Win32
		{5096B9B7-1DD9-4580-A0D1-0A9448C7E6E1}.Debug|x64.ActiveCfg = Debug|x64
		{5096B9B7-1DD9-4580-A0D1-0A9448C7E6E1}.Debug|x64.Build.0 = Debug|x64
		{5096B9B7-1DD9-4580-A0D1-0A9448C7E6E1}.Debug|x86.ActiveCfg = Debug|Win32
		{5096B9B7-1DD9-4580-A0D1-0A9448C7E6E1}.Debug|x86.Build.0 = Debug|Win32
		{5096B9B7-1DD9-4580-A0D1-0A9448C7E6E1}.Release|x64.ActiveCfg = Release|x64
		{5096B9B7-1DD9-4580-A0D1-0A9448C7E6E1}.Release|x64.Build.0 = Release|x64
		{5096B9B7-1DD9-4580-A0D1-0A9448C7E6E1}.Release|x86.ActiveCfg = Release|Win32
		{5096B9B7-1DD9-4580-A0D1-0A9448C7E6E1}.Release|x86.Build.0 = Release|Win32
		{CB77BA62-F6D6-4AC5-85FF-121B29D2A804}.Debug|x64.ActiveCfg = Debug|x64
		{CB77BA62-F6D6-4AC5-85FF-121B29D2A804}.Debug|x64.Build.0 = Debug|x64
		{CB77BA62-F6D6-4AC5-85FF-121B29D2A804}.Debug|x86.ActiveCfg = Debug|Win32
		{CB77BA62-F6D6-4AC5-85FF-121B29D2A804}.Debug|x86.Build.0 = Debug|Win32
		{CB77BA62-F6D6-4AC5-85FF-121B29D2A804}.Release|x64.ActiveCfg = Release|x64
		{CB77BA62-F6D6-4AC5-85FF-121B29D2A804}.Release|x64.Build.0 = Release|x64
		{CB77BA62-F6D6-4AC5-85FF-121B29D2A804}.Release|x86.ActiveCfg = Release|Win32
		{CB77BA62-F6D6-4AC5-85FF-121B29D2A804}.Release|x86.Build.0 = Release|Win32
		{54BDDEA6-75D5-4017-91E5-6F07B5E9C276}.Debug|x64.ActiveCfg = Debug|x64
		{54BDDEA6-75D5-4017-91E5-6F07B5E9C276}.Debug|x64.Build.0 = Debug|x64
		{54BDDEA6-75D5-4017-91E5-6F07B5E9C276}.Debug|x86.ActiveCfg = Debug|Win32
		{54BDDEA6-75D5-4017-91E5-6F07B5E9C276}.Debug|x86.Build.0 = Debug|Win32
		{54BDDEA6-75D5-4017-91E5-6F07B5E9C276}.Release|x64.ActiveCfg = Release|x64
		{54BDDEA6-75D5-4017-91E5-6F07B5E9C276}.Release|x64.Build.0 = Release|x64
		{54BDDEA6-75D5-4017-91E5-6F07B5E9C276}.Release|x86.ActiveCfg = Release|Win32
		{54BDDEA6-75D5-4017-91E5-6F07B5E9C276}.Release|x86.Build.0 = Release|Win32
		{56327771-E3D2-4F9D-B441-797407AC6A11}.Debug|x64.ActiveCfg = Debug|x64
		{56327771-E3D2-4F9D-B441-797407AC6A11}.Debug|x64.Build.0 = Debug|x64
		{56327771-E3D2-4F9D-B441-797407AC6A11}.Debug|x86.ActiveCfg = Debug|Win32
		{56327771-E3D2-4F9D-B441-797407AC6A11}.Debug|x86.Build.0 = Debug|Win32
		{56327771-E3D2-4F9D-B441-797407AC6A11}.Release|x64.ActiveCfg = Release|x64
		{56327771-E3D2-4F9D-B441-797407AC6A11}.Release|x64.Build.0 = Release|x64
		{56327771-E3D2-4F9D-B441-797407AC6A11}.Release|x86.ActiveCfg = Release|Win32
		{56327771-E3D2-4F9D-B441-797407AC6A11}.Release|x86.Build.0 = Release|Win32
		{33465EBB-499C-44BD-A017-EF915A23DE0A}.Debug|x64.ActiveCfg = Debug|x64
		{33465EBB-499C-44BD-A017-EF915A23DE0A}.Debug|x64.Build.0 = Debug|x64
		{33465EBB-499C-44BD-A017-EF915A23DE0A}.Debug|x86.ActiveCfg = Debug|Win32
		{33465EBB-499C-44BD-A017-EF915A23DE0A}.Debug|x86.Build.0 = Debug|Win32
		{33465EBB-499C-44BD-A017-EF915A23DE0A}.Release|x64.ActiveCfg = Release|x64
		{33465EBB-499C-44BD-A017-EF915A23DE0A}.Release|x64.Build.0 = Release|x64
		{33465EBB-499C-44BD-A017-EF915A23DE0A}.Release|x86.ActiveCfg = Release|Win32
		{33465EBB-499C-44BD-A017-EF915A23DE0A}.Release|x86.Build.0 = Release|Win32
	EndGlobalSection
	GlobalSection(SolutionProperties) = preSolution
		HideSolutionNode = FALSE
	EndGlobalSection
	GlobalSection(NestedProjects) = preSolution
		{0E209F6A-FF36-40CA-AC4B-A452D4A37600} = {58E27341-A0BB-4B93-86E8-3392A193AD0A}
	EndGlobalSection
	GlobalSection(ExtensibilityGlobals) = postSolution
		SolutionGuid = {34DDEB3F-4CE7-4306-BE4B-7F550D616475}
	EndGlobalSection
EndGlobal
