<?xml version="1.0" encoding="utf-8"?>
<Project ToolsVersion="4.0" xmlns="http://schemas.microsoft.com/developer/msbuild/2003">
  <ItemGroup>
    <Filter Include="Source Files">
      <UniqueIdentifier>{4FC737F1-C7A5-4376-A066-2A32D752A2FF}</UniqueIdentifier>
      <Extensions>cpp;c;cc;cxx;c++;cppm;ixx;def;odl;idl;hpj;bat;asm;asmx</Extensions>
    </Filter>
    <Filter Include="Header Files">
      <UniqueIdentifier>{93995380-89BD-4b04-88EB-625FBE52EBFB}</UniqueIdentifier>
      <Extensions>h;hh;hpp;hxx;h++;hm;inl;inc;ipp;xsd</Extensions>
    </Filter>
    <Filter Include="Resource Files">
      <UniqueIdentifier>{67DA6AB6-F800-4c08-8B7A-83BB121AAD01}</UniqueIdentifier>
      <Extensions>rc;ico;cur;bmp;dlg;rc2;rct;bin;rgs;gif;jpg;jpeg;jpe;resx;tiff;tif;png;wav;mfcribbon-ms</Extensions>
    </Filter>
    <Filter Include="Source Files\Chapter1_MathProblems">
      <UniqueIdentifier>{748356c9-86fb-40ba-abdf-becdfefe5084}</UniqueIdentifier>
    </Filter>
    <Filter Include="Source Files\Chapter2_LanguageFeatures">
      <UniqueIdentifier>{bdaf025e-ea73-4589-b573-254a88429adf}</UniqueIdentifier>
    </Filter>
    <Filter Include="Header Files\Chapter2_LanguageFeatures">
      <UniqueIdentifier>{52e34233-b082-4532-bc2f-411322e53de9}</UniqueIdentifier>
    </Filter>
    <Filter Include="Header Files\Chapter1_MathProblems">
      <UniqueIdentifier>{372c77a9-c4e8-4ac3-a0fa-2cce39d06748}</UniqueIdentifier>
    </Filter>
    <Filter Include="Source Files\Chapter3_StringsAndRegularExpressions">
      <UniqueIdentifier>{4c8873d1-a966-41b9-a5d5-c9af429aaafb}</UniqueIdentifier>
    </Filter>
    <Filter Include="Source Files\Chapter4_StreamsAndFilesystems">
      <UniqueIdentifier>{7d98dc4a-70d1-4225-bed6-af7562a03a22}</UniqueIdentifier>
    </Filter>
    <Filter Include="Source Files\Chapter5_DateAndTime">
      <UniqueIdentifier>{8ae74330-f2ed-4d19-9395-219151fc1ef0}</UniqueIdentifier>
    </Filter>
    <Filter Include="Source Files\Chapter6_AlgorithmsAndDataStructures">
      <UniqueIdentifier>{ab37eeb1-5fa7-478d-a44a-be8864cda287}</UniqueIdentifier>
    </Filter>
    <Filter Include="Header Files\Chapter6_AlgorithmsAndDataStructures">
      <UniqueIdentifier>{678cd18d-ebdb-4e52-b2f2-021c6d12bbf9}</UniqueIdentifier>
    </Filter>
  </ItemGroup>
  <ItemGroup>
    <ClCompile Include="src\Main.cpp">
      <Filter>Source Files</Filter>
    </ClCompile>
    <ClCompile Include="src\Utils.cpp">
      <Filter>Source Files</Filter>
    </ClCompile>
    <ClCompile Include="src\Chapter1_MathProblems\Problem1.cpp">
      <Filter>Source Files\Chapter1_MathProblems</Filter>
    </ClCompile>
    <ClCompile Include="src\Chapter1_MathProblems\Problem2.cpp">
      <Filter>Source Files\Chapter1_MathProblems</Filter>
    </ClCompile>
    <ClCompile Include="src\Chapter1_MathProblems\Problem3.cpp">
      <Filter>Source Files\Chapter1_MathProblems</Filter>
    </ClCompile>
    <ClCompile Include="src\Chapter1_MathProblems\Problem4.cpp">
      <Filter>Source Files\Chapter1_MathProblems</Filter>
    </ClCompile>
    <ClCompile Include="src\Chapter1_MathProblems\Problem5.cpp">
      <Filter>Source Files\Chapter1_MathProblems</Filter>
    </ClCompile>
    <ClCompile Include="src\Chapter1_MathProblems\Problem6.cpp">
      <Filter>Source Files\Chapter1_MathProblems</Filter>
    </ClCompile>
    <ClCompile Include="src\Chapter1_MathProblems\Problem7.cpp">
      <Filter>Source Files\Chapter1_MathProblems</Filter>
    </ClCompile>
    <ClCompile Include="src\Chapter1_MathProblems\Problem9.cpp">
      <Filter>Source Files\Chapter1_MathProblems</Filter>
    </ClCompile>
    <ClCompile Include="src\Chapter1_MathProblems\Problem8.cpp">
      <Filter>Source Files\Chapter1_MathProblems</Filter>
    </ClCompile>
    <ClCompile Include="src\Chapter1_MathProblems\Problem10.cpp">
      <Filter>Source Files\Chapter1_MathProblems</Filter>
    </ClCompile>
    <ClCompile Include="src\Chapter1_MathProblems\Problem11.cpp">
      <Filter>Source Files\Chapter1_MathProblems</Filter>
    </ClCompile>
    <ClCompile Include="src\Chapter1_MathProblems\Problem12.cpp">
      <Filter>Source Files\Chapter1_MathProblems</Filter>
    </ClCompile>
    <ClCompile Include="src\Chapter1_MathProblems\Problem13.cpp">
      <Filter>Source Files\Chapter1_MathProblems</Filter>
    </ClCompile>
    <ClCompile Include="src\Chapter1_MathProblems\Problem14.cpp">
      <Filter>Source Files\Chapter1_MathProblems</Filter>
    </ClCompile>
    <ClCompile Include="src\Chapter2_LanguageFeatures\Problem15.cpp">
      <Filter>Source Files\Chapter2_LanguageFeatures</Filter>
    </ClCompile>
    <ClCompile Include="src\Chapter2_LanguageFeatures\IPv4.cpp">
      <Filter>Source Files\Chapter2_LanguageFeatures</Filter>
    </ClCompile>
    <ClCompile Include="src\Chapter2_LanguageFeatures\Problem16.cpp">
      <Filter>Source Files\Chapter2_LanguageFeatures</Filter>
    </ClCompile>
    <ClCompile Include="src\Chapter2_LanguageFeatures\Problem17.cpp">
      <Filter>Source Files\Chapter2_LanguageFeatures</Filter>
    </ClCompile>
    <ClCompile Include="src\Chapter2_LanguageFeatures\Problem18.cpp">
      <Filter>Source Files\Chapter2_LanguageFeatures</Filter>
    </ClCompile>
    <ClCompile Include="src\Chapter2_LanguageFeatures\Problem19.cpp">
      <Filter>Source Files\Chapter2_LanguageFeatures</Filter>
    </ClCompile>
    <ClCompile Include="src\Chapter2_LanguageFeatures\Problem20.cpp">
      <Filter>Source Files\Chapter2_LanguageFeatures</Filter>
    </ClCompile>
    <ClCompile Include="src\Chapter2_LanguageFeatures\Problem21.cpp">
      <Filter>Source Files\Chapter2_LanguageFeatures</Filter>
    </ClCompile>
    <ClCompile Include="src\Chapter2_LanguageFeatures\Problem22.cpp">
      <Filter>Source Files\Chapter2_LanguageFeatures</Filter>
    </ClCompile>
    <ClCompile Include="src\Chapter3_StringsAndRegularExpressions\Problem23.cpp">
      <Filter>Source Files\Chapter3_StringsAndRegularExpressions</Filter>
    </ClCompile>
    <ClCompile Include="src\Chapter3_StringsAndRegularExpressions\Problem24.cpp">
      <Filter>Source Files\Chapter3_StringsAndRegularExpressions</Filter>
    </ClCompile>
    <ClCompile Include="src\Chapter3_StringsAndRegularExpressions\Problem25.cpp">
      <Filter>Source Files\Chapter3_StringsAndRegularExpressions</Filter>
    </ClCompile>
    <ClCompile Include="src\Chapter3_StringsAndRegularExpressions\Problem26.cpp">
      <Filter>Source Files\Chapter3_StringsAndRegularExpressions</Filter>
    </ClCompile>
    <ClCompile Include="src\Chapter3_StringsAndRegularExpressions\Problem27.cpp">
      <Filter>Source Files\Chapter3_StringsAndRegularExpressions</Filter>
    </ClCompile>
    <ClCompile Include="src\Chapter3_StringsAndRegularExpressions\Problem28.cpp">
      <Filter>Source Files\Chapter3_StringsAndRegularExpressions</Filter>
    </ClCompile>
    <ClCompile Include="src\Chapter3_StringsAndRegularExpressions\Problem29.cpp">
      <Filter>Source Files\Chapter3_StringsAndRegularExpressions</Filter>
    </ClCompile>
    <ClCompile Include="src\Chapter3_StringsAndRegularExpressions\Problem30.cpp">
      <Filter>Source Files\Chapter3_StringsAndRegularExpressions</Filter>
    </ClCompile>
    <ClCompile Include="src\Chapter3_StringsAndRegularExpressions\Problem31.cpp">
      <Filter>Source Files\Chapter3_StringsAndRegularExpressions</Filter>
    </ClCompile>
    <ClCompile Include="src\Chapter4_StreamsAndFilesystems\Problem32.cpp">
      <Filter>Source Files\Chapter4_StreamsAndFilesystems</Filter>
    </ClCompile>
    <ClCompile Include="src\Chapter4_StreamsAndFilesystems\Problem33.cpp">
      <Filter>Source Files\Chapter4_StreamsAndFilesystems</Filter>
    </ClCompile>
    <ClCompile Include="src\Chapter4_StreamsAndFilesystems\Problem34.cpp">
      <Filter>Source Files\Chapter4_StreamsAndFilesystems</Filter>
    </ClCompile>
    <ClCompile Include="src\Chapter4_StreamsAndFilesystems\Problem35.cpp">
      <Filter>Source Files\Chapter4_StreamsAndFilesystems</Filter>
    </ClCompile>
    <ClCompile Include="src\Chapter4_StreamsAndFilesystems\Problem36.cpp">
      <Filter>Source Files\Chapter4_StreamsAndFilesystems</Filter>
    </ClCompile>
    <ClCompile Include="src\Chapter4_StreamsAndFilesystems\Problem37.cpp">
      <Filter>Source Files\Chapter4_StreamsAndFilesystems</Filter>
    </ClCompile>
    <ClCompile Include="src\Chapter4_StreamsAndFilesystems\Problem38.cpp">
      <Filter>Source Files\Chapter4_StreamsAndFilesystems</Filter>
    </ClCompile>
    <ClCompile Include="src\Chapter5_DateAndTime\Problem39.cpp">
      <Filter>Source Files\Chapter5_DateAndTime</Filter>
    </ClCompile>
    <ClCompile Include="src\Chapter5_DateAndTime\Problem40.cpp">
      <Filter>Source Files\Chapter5_DateAndTime</Filter>
    </ClCompile>
    <ClCompile Include="src\Chapter5_DateAndTime\Problem42.cpp">
      <Filter>Source Files\Chapter5_DateAndTime</Filter>
    </ClCompile>
    <ClCompile Include="src\Chapter5_DateAndTime\Problem41.cpp">
      <Filter>Source Files\Chapter5_DateAndTime</Filter>
    </ClCompile>
    <ClCompile Include="src\Chapter5_DateAndTime\Problem43.cpp">
      <Filter>Source Files\Chapter5_DateAndTime</Filter>
    </ClCompile>
    <ClCompile Include="src\Chapter5_DateAndTime\Problem44.cpp">
      <Filter>Source Files\Chapter5_DateAndTime</Filter>
    </ClCompile>
    <ClCompile Include="src\Chapter6_AlgorithmsAndDataStructures\Problem45.cpp">
      <Filter>Source Files\Chapter6_AlgorithmsAndDataStructures</Filter>
    </ClCompile>
    <ClCompile Include="src\Chapter6_AlgorithmsAndDataStructures\Problem46.cpp">
      <Filter>Source Files\Chapter6_AlgorithmsAndDataStructures</Filter>
    </ClCompile>
  </ItemGroup>
  <ItemGroup>
    <ClInclude Include="inc\Utils.h">
      <Filter>Header Files</Filter>
    </ClInclude>
    <ClInclude Include="inc\Chapter1_MathProblems.h">
      <Filter>Header Files</Filter>
    </ClInclude>
    <ClInclude Include="inc\Problems.h">
      <Filter>Header Files</Filter>
    </ClInclude>
    <ClInclude Include="inc\Chapter2_LanguageFeatures.h">
      <Filter>Header Files</Filter>
    </ClInclude>
    <ClInclude Include="inc\Chapter2_LanguageFeatures\IPv4.h">
      <Filter>Header Files\Chapter2_LanguageFeatures</Filter>
    </ClInclude>
    <ClInclude Include="inc\Chapter2_LanguageFeatures\IPv4Range.h">
      <Filter>Header Files\Chapter2_LanguageFeatures</Filter>
    </ClInclude>
    <ClInclude Include="inc\Chapter2_LanguageFeatures\Array2D.h">
      <Filter>Header Files\Chapter2_LanguageFeatures</Filter>
    </ClInclude>
    <ClInclude Include="inc\Chapter2_LanguageFeatures\Problem18.h">
      <Filter>Header Files\Chapter2_LanguageFeatures</Filter>
    </ClInclude>
    <ClInclude Include="inc\Chapter2_LanguageFeatures\Problem20.h">
      <Filter>Header Files\Chapter2_LanguageFeatures</Filter>
    </ClInclude>
    <ClInclude Include="inc\Chapter2_LanguageFeatures\UniqueHdl.h">
      <Filter>Header Files\Chapter2_LanguageFeatures</Filter>
    </ClInclude>
    <ClInclude Include="inc\Chapter2_LanguageFeatures\Problem19.h">
      <Filter>Header Files\Chapter2_LanguageFeatures</Filter>
    </ClInclude>
    <ClInclude Include="inc\Chapter1_MathProblems\Digits.h">
      <Filter>Header Files\Chapter1_MathProblems</Filter>
    </ClInclude>
    <ClInclude Include="inc\Chapter2_LanguageFeatures\temperature_v1.h">
      <Filter>Header Files\Chapter2_LanguageFeatures</Filter>
    </ClInclude>
    <ClInclude Include="inc\Chapter2_LanguageFeatures\temperature_v2.h">
      <Filter>Header Files\Chapter2_LanguageFeatures</Filter>
    </ClInclude>
    <ClInclude Include="inc\Chapter3_StringsAndRegularExpressions.h">
      <Filter>Header Files</Filter>
    </ClInclude>
    <ClInclude Include="inc\Chapter4_StreamsAndFilesystems.h">
      <Filter>Header Files</Filter>
    </ClInclude>
    <ClInclude Include="inc\Chapter5_DateAndTime.h">
      <Filter>Header Files</Filter>
    </ClInclude>
    <ClInclude Include="inc\Chapter6_AlgorithmsAndDataStructures.h">
      <Filter>Header Files</Filter>
    </ClInclude>
    <ClInclude Include="inc\Chapter6_AlgorithmsAndDataStructures\PriorityQueue.h">
      <Filter>Header Files\Chapter6_AlgorithmsAndDataStructures</Filter>
    </ClInclude>
    <ClInclude Include="inc\Chapter6_AlgorithmsAndDataStructures\CircularBuffer.h">
      <Filter>Header Files\Chapter6_AlgorithmsAndDataStructures</Filter>
    </ClInclude>
  </ItemGroup>
  <ItemGroup>
    <Text Include="res\sample.txt">
      <Filter>Resource Files</Filter>
    </Text>
    <Text Include="res\problem34.txt">
      <Filter>Resource Files</Filter>
    </Text>
  </ItemGroup>
</Project>