<?xml version="1.0" encoding="utf-8"?>
<Project ToolsVersion="4.0" xmlns="http://schemas.microsoft.com/developer/msbuild/2003">
  <ItemGroup>
    <Filter Include="Source Files">
      <UniqueIdentifier>{4FC737F1-C7A5-4376-A066-2A32D752A2FF}</UniqueIdentifier>
      <Extensions>cpp;c;cc;cxx;c++;cppm;ixx;def;odl;idl;hpj;bat;asm;asmx</Extensions>
    </Filter>
    <Filter Include="Header Files">
      <UniqueIdentifier>{93995380-89BD-4b04-88EB-625FBE52EBFB}</UniqueIdentifier>
      <Extensions>h;hh;hpp;hxx;h++;hm;inl;inc;ipp;xsd</Extensions>
    </Filter>
    <Filter Include="Resource Files">
      <UniqueIdentifier>{67DA6AB6-F800-4c08-8B7A-83BB121AAD01}</UniqueIdentifier>
      <Extensions>rc;ico;cur;bmp;dlg;rc2;rct;bin;rgs;gif;jpg;jpeg;jpe;resx;tiff;tif;png;wav;mfcribbon-ms</Extensions>
    </Filter>
    <Filter Include="Source Files\Chapter1_MathProblems">
      <UniqueIdentifier>{748356c9-86fb-40ba-abdf-becdfefe5084}</UniqueIdentifier>
    </Filter>
    <Filter Include="Source Files\Chapter2_LanguageFeatures">
      <UniqueIdentifier>{bdaf025e-ea73-4589-b573-254a88429adf}</UniqueIdentifier>
    </Filter>
    <Filter Include="Header Files\Chapter2_LanguageFeatures">
      <UniqueIdentifier>{52e34233-b082-4532-bc2f-411322e53de9}</UniqueIdentifier>
    </Filter>
    <Filter Include="Header Files\Chapter1_MathProblems">
      <UniqueIdentifier>{372c77a9-c4e8-4ac3-a0fa-2cce39d06748}</UniqueIdentifier>
    </Filter>
    <Filter Include="Source Files\Chapter3_StringsAndRegularExpressions">
      <UniqueIdentifier>{4c8873d1-a966-41b9-a5d5-c9af429aaafb}</UniqueIdentifier>
    </Filter>
    <Filter Include="Source Files\Chapter4_StreamsAndFilesystems">
      <UniqueIdentifier>{7d98dc4a-70d1-4225-bed6-af7562a03a22}</UniqueIdentifier>
    </Filter>
    <Filter Include="Source Files\Chapter5_DateAndTime">
      <UniqueIdentifier>{8ae74330-f2ed-4d19-9395-219151fc1ef0}</UniqueIdentifier>
    </Filter>
    <Filter Include="Source Files\Chapter6_AlgorithmsAndDataStructures">
      <UniqueIdentifier>{ab37eeb1-5fa7-478d-a44a-be8864cda287}</UniqueIdentifier>
    </Filter>
    <Filter Include="Header Files\Chapter6_AlgorithmsAndDataStructures">
      <UniqueIdentifier>{678cd18d-ebdb-4e52-b2f2-021c6d12bbf9}</UniqueIdentifier>
    </Filter>
    <Filter Include="Source Files\Chapter7_Concurrency">
      <UniqueIdentifier>{6710d26d-4052-4977-bbeb-6a024bc13ec4}</UniqueIdentifier>
    </Filter>
    <Filter Include="Source Files\Chapter8_DesignPatterns">
      <UniqueIdentifier>{6a50e7c5-def9-42ce-9cb7-7300673df419}</UniqueIdentifier>
    </Filter>
    <Filter Include="Source Files\Chapter9_DataSerialization">
      <UniqueIdentifier>{b445339d-8c26-4190-9225-a6eba6136f9d}</UniqueIdentifier>
    </Filter>
    <Filter Include="Header Files\Chapter9_DataSerialization">
      <UniqueIdentifier>{4f8b783a-e886-4de7-84c4-ba95286f28a5}</UniqueIdentifier>
    </Filter>
    <Filter Include="Resource Files\problem78">
      <UniqueIdentifier>{6952a6ee-1599-42a5-ad38-33a9d62ed513}</UniqueIdentifier>
    </Filter>
    <Filter Include="Resource Files\problem78\images">
      <UniqueIdentifier>{2ca459e3-fdf9-485b-9ab1-936f74215622}</UniqueIdentifier>
    </Filter>
    <Filter Include="Source Files\Chapter10_ArchivesImagesAndDatabases">
      <UniqueIdentifier>{9604b859-d10c-4796-b397-c0d31b6b6cba}</UniqueIdentifier>
    </Filter>
    <Filter Include="Resource Files\problem80">
      <UniqueIdentifier>{ca581163-fceb-4e75-8f5f-4941efe2749a}</UniqueIdentifier>
    </Filter>
    <Filter Include="Resource Files\problem80\folder">
      <UniqueIdentifier>{a765e3c4-960b-446b-9846-a054eb02f89d}</UniqueIdentifier>
    </Filter>
    <Filter Include="Resource Files\problem80\folder\subfolder">
      <UniqueIdentifier>{7bf10585-8609-4545-aa8f-7f96dca77c61}</UniqueIdentifier>
    </Filter>
    <Filter Include="Header Files\Chapter10_ArchivesImagesAndDatabases">
      <UniqueIdentifier>{9a2e4f24-4bb9-489c-813a-a082e1658134}</UniqueIdentifier>
    </Filter>
  </ItemGroup>
  <ItemGroup>
    <ClCompile Include="src\Main.cpp">
      <Filter>Source Files</Filter>
    </ClCompile>
    <ClCompile Include="src\Chapter1_MathProblems\Problem1.cpp">
      <Filter>Source Files\Chapter1_MathProblems</Filter>
    </ClCompile>
    <ClCompile Include="src\Chapter1_MathProblems\Problem2.cpp">
      <Filter>Source Files\Chapter1_MathProblems</Filter>
    </ClCompile>
    <ClCompile Include="src\Chapter1_MathProblems\Problem3.cpp">
      <Filter>Source Files\Chapter1_MathProblems</Filter>
    </ClCompile>
    <ClCompile Include="src\Chapter1_MathProblems\Problem4.cpp">
      <Filter>Source Files\Chapter1_MathProblems</Filter>
    </ClCompile>
    <ClCompile Include="src\Chapter1_MathProblems\Problem5.cpp">
      <Filter>Source Files\Chapter1_MathProblems</Filter>
    </ClCompile>
    <ClCompile Include="src\Chapter1_MathProblems\Problem6.cpp">
      <Filter>Source Files\Chapter1_MathProblems</Filter>
    </ClCompile>
    <ClCompile Include="src\Chapter1_MathProblems\Problem7.cpp">
      <Filter>Source Files\Chapter1_MathProblems</Filter>
    </ClCompile>
    <ClCompile Include="src\Chapter1_MathProblems\Problem9.cpp">
      <Filter>Source Files\Chapter1_MathProblems</Filter>
    </ClCompile>
    <ClCompile Include="src\Chapter1_MathProblems\Problem8.cpp">
      <Filter>Source Files\Chapter1_MathProblems</Filter>
    </ClCompile>
    <ClCompile Include="src\Chapter1_MathProblems\Problem10.cpp">
      <Filter>Source Files\Chapter1_MathProblems</Filter>
    </ClCompile>
    <ClCompile Include="src\Chapter1_MathProblems\Problem11.cpp">
      <Filter>Source Files\Chapter1_MathProblems</Filter>
    </ClCompile>
    <ClCompile Include="src\Chapter1_MathProblems\Problem12.cpp">
      <Filter>Source Files\Chapter1_MathProblems</Filter>
    </ClCompile>
    <ClCompile Include="src\Chapter1_MathProblems\Problem13.cpp">
      <Filter>Source Files\Chapter1_MathProblems</Filter>
    </ClCompile>
    <ClCompile Include="src\Chapter1_MathProblems\Problem14.cpp">
      <Filter>Source Files\Chapter1_MathProblems</Filter>
    </ClCompile>
    <ClCompile Include="src\Chapter2_LanguageFeatures\Problem15.cpp">
      <Filter>Source Files\Chapter2_LanguageFeatures</Filter>
    </ClCompile>
    <ClCompile Include="src\Chapter2_LanguageFeatures\IPv4.cpp">
      <Filter>Source Files\Chapter2_LanguageFeatures</Filter>
    </ClCompile>
    <ClCompile Include="src\Chapter2_LanguageFeatures\Problem16.cpp">
      <Filter>Source Files\Chapter2_LanguageFeatures</Filter>
    </ClCompile>
    <ClCompile Include="src\Chapter2_LanguageFeatures\Problem17.cpp">
      <Filter>Source Files\Chapter2_LanguageFeatures</Filter>
    </ClCompile>
    <ClCompile Include="src\Chapter2_LanguageFeatures\Problem18.cpp">
      <Filter>Source Files\Chapter2_LanguageFeatures</Filter>
    </ClCompile>
    <ClCompile Include="src\Chapter2_LanguageFeatures\Problem19.cpp">
      <Filter>Source Files\Chapter2_LanguageFeatures</Filter>
    </ClCompile>
    <ClCompile Include="src\Chapter2_LanguageFeatures\Problem20.cpp">
      <Filter>Source Files\Chapter2_LanguageFeatures</Filter>
    </ClCompile>
    <ClCompile Include="src\Chapter2_LanguageFeatures\Problem21.cpp">
      <Filter>Source Files\Chapter2_LanguageFeatures</Filter>
    </ClCompile>
    <ClCompile Include="src\Chapter2_LanguageFeatures\Problem22.cpp">
      <Filter>Source Files\Chapter2_LanguageFeatures</Filter>
    </ClCompile>
    <ClCompile Include="src\Chapter3_StringsAndRegularExpressions\Problem23.cpp">
      <Filter>Source Files\Chapter3_StringsAndRegularExpressions</Filter>
    </ClCompile>
    <ClCompile Include="src\Chapter3_StringsAndRegularExpressions\Problem24.cpp">
      <Filter>Source Files\Chapter3_StringsAndRegularExpressions</Filter>
    </ClCompile>
    <ClCompile Include="src\Chapter3_StringsAndRegularExpressions\Problem25.cpp">
      <Filter>Source Files\Chapter3_StringsAndRegularExpressions</Filter>
    </ClCompile>
    <ClCompile Include="src\Chapter3_StringsAndRegularExpressions\Problem26.cpp">
      <Filter>Source Files\Chapter3_StringsAndRegularExpressions</Filter>
    </ClCompile>
    <ClCompile Include="src\Chapter3_StringsAndRegularExpressions\Problem27.cpp">
      <Filter>Source Files\Chapter3_StringsAndRegularExpressions</Filter>
    </ClCompile>
    <ClCompile Include="src\Chapter3_StringsAndRegularExpressions\Problem28.cpp">
      <Filter>Source Files\Chapter3_StringsAndRegularExpressions</Filter>
    </ClCompile>
    <ClCompile Include="src\Chapter3_StringsAndRegularExpressions\Problem29.cpp">
      <Filter>Source Files\Chapter3_StringsAndRegularExpressions</Filter>
    </ClCompile>
    <ClCompile Include="src\Chapter3_StringsAndRegularExpressions\Problem30.cpp">
      <Filter>Source Files\Chapter3_StringsAndRegularExpressions</Filter>
    </ClCompile>
    <ClCompile Include="src\Chapter3_StringsAndRegularExpressions\Problem31.cpp">
      <Filter>Source Files\Chapter3_StringsAndRegularExpressions</Filter>
    </ClCompile>
    <ClCompile Include="src\Chapter4_StreamsAndFilesystems\Problem32.cpp">
      <Filter>Source Files\Chapter4_StreamsAndFilesystems</Filter>
    </ClCompile>
    <ClCompile Include="src\Chapter4_StreamsAndFilesystems\Problem33.cpp">
      <Filter>Source Files\Chapter4_StreamsAndFilesystems</Filter>
    </ClCompile>
    <ClCompile Include="src\Chapter4_StreamsAndFilesystems\Problem34.cpp">
      <Filter>Source Files\Chapter4_StreamsAndFilesystems</Filter>
    </ClCompile>
    <ClCompile Include="src\Chapter4_StreamsAndFilesystems\Problem35.cpp">
      <Filter>Source Files\Chapter4_StreamsAndFilesystems</Filter>
    </ClCompile>
    <ClCompile Include="src\Chapter4_StreamsAndFilesystems\Problem36.cpp">
      <Filter>Source Files\Chapter4_StreamsAndFilesystems</Filter>
    </ClCompile>
    <ClCompile Include="src\Chapter4_StreamsAndFilesystems\Problem37.cpp">
      <Filter>Source Files\Chapter4_StreamsAndFilesystems</Filter>
    </ClCompile>
    <ClCompile Include="src\Chapter4_StreamsAndFilesystems\Problem38.cpp">
      <Filter>Source Files\Chapter4_StreamsAndFilesystems</Filter>
    </ClCompile>
    <ClCompile Include="src\Chapter5_DateAndTime\Problem39.cpp">
      <Filter>Source Files\Chapter5_DateAndTime</Filter>
    </ClCompile>
    <ClCompile Include="src\Chapter5_DateAndTime\Problem40.cpp">
      <Filter>Source Files\Chapter5_DateAndTime</Filter>
    </ClCompile>
    <ClCompile Include="src\Chapter5_DateAndTime\Problem42.cpp">
      <Filter>Source Files\Chapter5_DateAndTime</Filter>
    </ClCompile>
    <ClCompile Include="src\Chapter5_DateAndTime\Problem41.cpp">
      <Filter>Source Files\Chapter5_DateAndTime</Filter>
    </ClCompile>
    <ClCompile Include="src\Chapter5_DateAndTime\Problem43.cpp">
      <Filter>Source Files\Chapter5_DateAndTime</Filter>
    </ClCompile>
    <ClCompile Include="src\Chapter5_DateAndTime\Problem44.cpp">
      <Filter>Source Files\Chapter5_DateAndTime</Filter>
    </ClCompile>
    <ClCompile Include="src\Chapter6_AlgorithmsAndDataStructures\Problem45.cpp">
      <Filter>Source Files\Chapter6_AlgorithmsAndDataStructures</Filter>
    </ClCompile>
    <ClCompile Include="src\Chapter6_AlgorithmsAndDataStructures\Problem46.cpp">
      <Filter>Source Files\Chapter6_AlgorithmsAndDataStructures</Filter>
    </ClCompile>
    <ClCompile Include="src\Chapter6_AlgorithmsAndDataStructures\Problem47.cpp">
      <Filter>Source Files\Chapter6_AlgorithmsAndDataStructures</Filter>
    </ClCompile>
    <ClCompile Include="src\Chapter6_AlgorithmsAndDataStructures\Problem48.cpp">
      <Filter>Source Files\Chapter6_AlgorithmsAndDataStructures</Filter>
    </ClCompile>
    <ClCompile Include="src\Chapter6_AlgorithmsAndDataStructures\Problem49.cpp">
      <Filter>Source Files\Chapter6_AlgorithmsAndDataStructures</Filter>
    </ClCompile>
    <ClCompile Include="src\Chapter6_AlgorithmsAndDataStructures\Problem50.cpp">
      <Filter>Source Files\Chapter6_AlgorithmsAndDataStructures</Filter>
    </ClCompile>
    <ClCompile Include="src\Chapter6_AlgorithmsAndDataStructures\Problem51.cpp">
      <Filter>Source Files\Chapter6_AlgorithmsAndDataStructures</Filter>
    </ClCompile>
    <ClCompile Include="src\Chapter6_AlgorithmsAndDataStructures\Problem52.cpp">
      <Filter>Source Files\Chapter6_AlgorithmsAndDataStructures</Filter>
    </ClCompile>
    <ClCompile Include="src\Chapter6_AlgorithmsAndDataStructures\Problem53.cpp">
      <Filter>Source Files\Chapter6_AlgorithmsAndDataStructures</Filter>
    </ClCompile>
    <ClCompile Include="src\Chapter6_AlgorithmsAndDataStructures\Problem54.cpp">
      <Filter>Source Files\Chapter6_AlgorithmsAndDataStructures</Filter>
    </ClCompile>
    <ClCompile Include="src\Chapter6_AlgorithmsAndDataStructures\Problem55.cpp">
      <Filter>Source Files\Chapter6_AlgorithmsAndDataStructures</Filter>
    </ClCompile>
    <ClCompile Include="src\Chapter6_AlgorithmsAndDataStructures\Problem56.cpp">
      <Filter>Source Files\Chapter6_AlgorithmsAndDataStructures</Filter>
    </ClCompile>
    <ClCompile Include="src\Chapter6_AlgorithmsAndDataStructures\Problem57.cpp">
      <Filter>Source Files\Chapter6_AlgorithmsAndDataStructures</Filter>
    </ClCompile>
    <ClCompile Include="src\Chapter6_AlgorithmsAndDataStructures\Problem58.cpp">
      <Filter>Source Files\Chapter6_AlgorithmsAndDataStructures</Filter>
    </ClCompile>
    <ClCompile Include="src\Chapter6_AlgorithmsAndDataStructures\Problem59.cpp">
      <Filter>Source Files\Chapter6_AlgorithmsAndDataStructures</Filter>
    </ClCompile>
    <ClCompile Include="src\Chapter6_AlgorithmsAndDataStructures\Problem60.cpp">
      <Filter>Source Files\Chapter6_AlgorithmsAndDataStructures</Filter>
    </ClCompile>
    <ClCompile Include="src\Chapter7_Concurrency\Problem61.cpp">
      <Filter>Source Files\Chapter7_Concurrency</Filter>
    </ClCompile>
    <ClCompile Include="src\Chapter7_Concurrency\Problem62.cpp">
      <Filter>Source Files\Chapter7_Concurrency</Filter>
    </ClCompile>
    <ClCompile Include="src\Chapter7_Concurrency\Problem63.cpp">
      <Filter>Source Files\Chapter7_Concurrency</Filter>
    </ClCompile>
    <ClCompile Include="src\Chapter7_Concurrency\Problem64.cpp">
      <Filter>Source Files\Chapter7_Concurrency</Filter>
    </ClCompile>
    <ClCompile Include="src\Chapter7_Concurrency\Problem65.cpp">
      <Filter>Source Files\Chapter7_Concurrency</Filter>
    </ClCompile>
    <ClCompile Include="src\Chapter7_Concurrency\Problem66.cpp">
      <Filter>Source Files\Chapter7_Concurrency</Filter>
    </ClCompile>
    <ClCompile Include="src\Chapter8_DesignPatterns\Problem67.cpp">
      <Filter>Source Files\Chapter8_DesignPatterns</Filter>
    </ClCompile>
    <ClCompile Include="src\Chapter8_DesignPatterns\Problem68.cpp">
      <Filter>Source Files\Chapter8_DesignPatterns</Filter>
    </ClCompile>
    <ClCompile Include="src\Chapter8_DesignPatterns\Problem69.cpp">
      <Filter>Source Files\Chapter8_DesignPatterns</Filter>
    </ClCompile>
    <ClCompile Include="src\Chapter8_DesignPatterns\Problem70.cpp">
      <Filter>Source Files\Chapter8_DesignPatterns</Filter>
    </ClCompile>
    <ClCompile Include="src\Problem71.cpp">
      <Filter>Source Files\Chapter8_DesignPatterns</Filter>
    </ClCompile>
    <ClCompile Include="src\Chapter8_DesignPatterns\Problem72.cpp">
      <Filter>Source Files\Chapter8_DesignPatterns</Filter>
    </ClCompile>
    <ClCompile Include="src\Chapter9_DataSerialization\Problem73.cpp">
      <Filter>Source Files\Chapter9_DataSerialization</Filter>
    </ClCompile>
    <ClCompile Include="src\Chapter9_DataSerialization\Problem74.cpp">
      <Filter>Source Files\Chapter9_DataSerialization</Filter>
    </ClCompile>
    <ClCompile Include="src\Chapter9_DataSerialization\Problem75.cpp">
      <Filter>Source Files\Chapter9_DataSerialization</Filter>
    </ClCompile>
    <ClCompile Include="src\Chapter9_DataSerialization\Problem76.cpp">
      <Filter>Source Files\Chapter9_DataSerialization</Filter>
    </ClCompile>
    <ClCompile Include="src\Chapter9_DataSerialization\Problem77.cpp">
      <Filter>Source Files\Chapter9_DataSerialization</Filter>
    </ClCompile>
    <ClCompile Include="src\Chapter9_DataSerialization\Problem78.cpp">
      <Filter>Source Files\Chapter9_DataSerialization</Filter>
    </ClCompile>
    <ClCompile Include="C:\Libraries\pugixml\src\pugixml.cpp">
      <Filter>Source Files\Chapter9_DataSerialization</Filter>
    </ClCompile>
    <ClCompile Include="src\Chapter10_ArchivesImagesAndDatabases\Problem79.cpp">
      <Filter>Source Files\Chapter10_ArchivesImagesAndDatabases</Filter>
    </ClCompile>
    <ClCompile Include="src\Chapter10_ArchivesImagesAndDatabases\Problem80.cpp">
      <Filter>Source Files\Chapter10_ArchivesImagesAndDatabases</Filter>
    </ClCompile>
    <ClCompile Include="src\Chapter10_ArchivesImagesAndDatabases\Problem81.cpp">
      <Filter>Source Files\Chapter10_ArchivesImagesAndDatabases</Filter>
    </ClCompile>
    <ClCompile Include="src\Chapter10_ArchivesImagesAndDatabases\Problem82.cpp">
      <Filter>Source Files\Chapter10_ArchivesImagesAndDatabases</Filter>
    </ClCompile>
    <ClCompile Include="src\Chapter10_ArchivesImagesAndDatabases\Problem83.cpp">
      <Filter>Source Files\Chapter10_ArchivesImagesAndDatabases</Filter>
    </ClCompile>
    <ClCompile Include="src\Chapter10_ArchivesImagesAndDatabases\Problem84.cpp">
      <Filter>Source Files\Chapter10_ArchivesImagesAndDatabases</Filter>
    </ClCompile>
    <ClCompile Include="src\Chapter10_ArchivesImagesAndDatabases\Problem85.cpp">
      <Filter>Source Files\Chapter10_ArchivesImagesAndDatabases</Filter>
    </ClCompile>
    <ClCompile Include="src\Chapter10_ArchivesImagesAndDatabases\Problem86.cpp">
      <Filter>Source Files\Chapter10_ArchivesImagesAndDatabases</Filter>
    </ClCompile>
    <ClCompile Include="src\Chapter10_ArchivesImagesAndDatabases\Problem87.cpp">
      <Filter>Source Files\Chapter10_ArchivesImagesAndDatabases</Filter>
    </ClCompile>
  </ItemGroup>
  <ItemGroup>
    <ClInclude Include="inc\Chapter1_MathProblems.h">
      <Filter>Header Files</Filter>
    </ClInclude>
    <ClInclude Include="inc\Problems.h">
      <Filter>Header Files</Filter>
    </ClInclude>
    <ClInclude Include="inc\Chapter2_LanguageFeatures.h">
      <Filter>Header Files</Filter>
    </ClInclude>
    <ClInclude Include="inc\Chapter2_LanguageFeatures\IPv4.h">
      <Filter>Header Files\Chapter2_LanguageFeatures</Filter>
    </ClInclude>
    <ClInclude Include="inc\Chapter2_LanguageFeatures\IPv4Range.h">
      <Filter>Header Files\Chapter2_LanguageFeatures</Filter>
    </ClInclude>
    <ClInclude Include="inc\Chapter2_LanguageFeatures\Array2D.h">
      <Filter>Header Files\Chapter2_LanguageFeatures</Filter>
    </ClInclude>
    <ClInclude Include="inc\Chapter2_LanguageFeatures\Problem18.h">
      <Filter>Header Files\Chapter2_LanguageFeatures</Filter>
    </ClInclude>
    <ClInclude Include="inc\Chapter2_LanguageFeatures\Problem20.h">
      <Filter>Header Files\Chapter2_LanguageFeatures</Filter>
    </ClInclude>
    <ClInclude Include="inc\Chapter2_LanguageFeatures\UniqueHdl.h">
      <Filter>Header Files\Chapter2_LanguageFeatures</Filter>
    </ClInclude>
    <ClInclude Include="inc\Chapter2_LanguageFeatures\Problem19.h">
      <Filter>Header Files\Chapter2_LanguageFeatures</Filter>
    </ClInclude>
    <ClInclude Include="inc\Chapter1_MathProblems\Digits.h">
      <Filter>Header Files\Chapter1_MathProblems</Filter>
    </ClInclude>
    <ClInclude Include="inc\Chapter2_LanguageFeatures\temperature_v1.h">
      <Filter>Header Files\Chapter2_LanguageFeatures</Filter>
    </ClInclude>
    <ClInclude Include="inc\Chapter2_LanguageFeatures\temperature_v2.h">
      <Filter>Header Files\Chapter2_LanguageFeatures</Filter>
    </ClInclude>
    <ClInclude Include="inc\Chapter3_StringsAndRegularExpressions.h">
      <Filter>Header Files</Filter>
    </ClInclude>
    <ClInclude Include="inc\Chapter4_StreamsAndFilesystems.h">
      <Filter>Header Files</Filter>
    </ClInclude>
    <ClInclude Include="inc\Chapter5_DateAndTime.h">
      <Filter>Header Files</Filter>
    </ClInclude>
    <ClInclude Include="inc\Chapter6_AlgorithmsAndDataStructures.h">
      <Filter>Header Files</Filter>
    </ClInclude>
    <ClInclude Include="inc\Chapter6_AlgorithmsAndDataStructures\PriorityQueue.h">
      <Filter>Header Files\Chapter6_AlgorithmsAndDataStructures</Filter>
    </ClInclude>
    <ClInclude Include="inc\Chapter6_AlgorithmsAndDataStructures\CircularBuffer.h">
      <Filter>Header Files\Chapter6_AlgorithmsAndDataStructures</Filter>
    </ClInclude>
    <ClInclude Include="inc\Chapter6_AlgorithmsAndDataStructures\DoubleBuffer.h">
      <Filter>Header Files\Chapter6_AlgorithmsAndDataStructures</Filter>
    </ClInclude>
    <ClInclude Include="inc\Chapter1_MathProblems\Math.h">
      <Filter>Header Files\Chapter1_MathProblems</Filter>
    </ClInclude>
    <ClInclude Include="..\inc\ConsoleRead.h">
      <Filter>Header Files</Filter>
    </ClInclude>
    <ClInclude Include="..\inc\Print.h">
      <Filter>Header Files</Filter>
    </ClInclude>
    <ClInclude Include="..\inc\Timer.h">
      <Filter>Header Files</Filter>
    </ClInclude>
    <ClInclude Include="inc\Chapter7_Concurrency.h">
      <Filter>Header Files</Filter>
    </ClInclude>
    <ClInclude Include="inc\Chapter8_DesignPatterns.h">
      <Filter>Header Files</Filter>
    </ClInclude>
    <ClInclude Include="..\inc\PrettyPrint.h">
      <Filter>Header Files</Filter>
    </ClInclude>
    <ClInclude Include="inc\Chapter9_DataSerialization.h">
      <Filter>Header Files</Filter>
    </ClInclude>
    <ClInclude Include="inc\Chapter9_DataSerialization\pugixml_wrapper.h">
      <Filter>Header Files\Chapter9_DataSerialization</Filter>
    </ClInclude>
    <ClInclude Include="inc\Chapter9_DataSerialization\XmlMovies.h">
      <Filter>Header Files\Chapter9_DataSerialization</Filter>
    </ClInclude>
    <ClInclude Include="inc\Chapter9_DataSerialization\Movies.h">
      <Filter>Header Files\Chapter9_DataSerialization</Filter>
    </ClInclude>
    <ClInclude Include="inc\Chapter9_DataSerialization\JsonMovies.h">
      <Filter>Header Files\Chapter9_DataSerialization</Filter>
    </ClInclude>
    <ClInclude Include="inc\Chapter9_DataSerialization\PdfMovies.h">
      <Filter>Header Files\Chapter9_DataSerialization</Filter>
    </ClInclude>
    <ClInclude Include="inc\Chapter9_DataSerialization\pdf_writer_wrapper.h">
      <Filter>Header Files\Chapter9_DataSerialization</Filter>
    </ClInclude>
    <ClInclude Include="inc\Chapter10_ArchivesImagesAndDatabases.h">
      <Filter>Header Files</Filter>
    </ClInclude>
    <ClInclude Include="inc\Chapter10_ArchivesImagesAndDatabases\zip_lib_wrapper.h">
      <Filter>Header Files\Chapter10_ArchivesImagesAndDatabases</Filter>
    </ClInclude>
  </ItemGroup>
  <ItemGroup>
    <Text Include="res\sample.txt">
      <Filter>Resource Files</Filter>
    </Text>
    <Text Include="res\problem34.txt">
      <Filter>Resource Files</Filter>
    </Text>
  </ItemGroup>
  <ItemGroup>
    <Image Include="res\problem78\images\img01.png">
      <Filter>Resource Files\problem78\images</Filter>
    </Image>
    <Image Include="res\problem78\images\img02.png">
      <Filter>Resource Files\problem78\images</Filter>
    </Image>
    <Image Include="res\problem78\images\img03.png">
      <Filter>Resource Files\problem78\images</Filter>
    </Image>
    <Image Include="res\problem78\images\img04.png">
      <Filter>Resource Files\problem78\images</Filter>
    </Image>
    <Image Include="res\problem78\images\img05.png">
      <Filter>Resource Files\problem78\images</Filter>
    </Image>
    <Image Include="res\problem78\images\img06.png">
      <Filter>Resource Files\problem78\images</Filter>
    </Image>
    <Image Include="res\problem78\images\img07.png">
      <Filter>Resource Files\problem78\images</Filter>
    </Image>
    <Image Include="res\problem78\images\img08.png">
      <Filter>Resource Files\problem78\images</Filter>
    </Image>
    <Image Include="res\problem78\images\img09.png">
      <Filter>Resource Files\problem78\images</Filter>
    </Image>
    <Image Include="res\problem78\images\img10.png">
      <Filter>Resource Files\problem78\images</Filter>
    </Image>
    <Image Include="res\problem80\folder\subfolder\UseYourIllussionII.jpg">
      <Filter>Resource Files\problem80\folder\subfolder</Filter>
    </Image>
    <Image Include="res\problem80\folder\guinness.jpg">
      <Filter>Resource Files\problem80\folder</Filter>
    </Image>
    <Image Include="res\problem80\folder\john_mccarthy.jpg">
      <Filter>Resource Files\problem80\folder</Filter>
    </Image>
    <Image Include="res\problem80\file.jpg">
      <Filter>Resource Files\problem80</Filter>
    </Image>
  </ItemGroup>
  <ItemGroup>
    <None Include="res\problem79.zip">
      <Filter>Resource Files</Filter>
    </None>
    <None Include="res\problem80\folder\multi_page_2.pdf">
      <Filter>Resource Files\problem80\folder</Filter>
    </None>
    <None Include="res\problem80\folder\multi_page_3.docx">
      <Filter>Resource Files\problem80\folder</Filter>
    </None>
  </ItemGroup>
</Project>