<?xml version="1.0" encoding="utf-8"?>
<Project ToolsVersion="4.0" xmlns="http://schemas.microsoft.com/developer/msbuild/2003">
  <ItemGroup>
    <Filter Include="Source Files">
      <UniqueIdentifier>{4FC737F1-C7A5-4376-A066-2A32D752A2FF}</UniqueIdentifier>
      <Extensions>cpp;c;cc;cxx;c++;cppm;ixx;def;odl;idl;hpj;bat;asm;asmx</Extensions>
    </Filter>
    <Filter Include="Header Files">
      <UniqueIdentifier>{93995380-89BD-4b04-88EB-625FBE52EBFB}</UniqueIdentifier>
      <Extensions>h;hh;hpp;hxx;h++;hm;inl;inc;ipp;xsd</Extensions>
    </Filter>
    <Filter Include="Resource Files">
      <UniqueIdentifier>{67DA6AB6-F800-4c08-8B7A-83BB121AAD01}</UniqueIdentifier>
      <Extensions>rc;ico;cur;bmp;dlg;rc2;rct;bin;rgs;gif;jpg;jpeg;jpe;resx;tiff;tif;png;wav;mfcribbon-ms</Extensions>
    </Filter>
    <Filter Include="Module Files">
      <UniqueIdentifier>{01047067-2689-41f2-8ed8-423c253a68f1}</UniqueIdentifier>
    </Filter>
  </ItemGroup>
  <ItemGroup>
    <ClInclude Include="inc\Constructors.h">
      <Filter>Header Files</Filter>
    </ClInclude>
    <ClInclude Include="inc\ConstructorsAndDestructorsOrder.h">
      <Filter>Header Files</Filter>
    </ClInclude>
    <ClInclude Include="inc\ExplicitConstructor.h">
      <Filter>Header Files</Filter>
    </ClInclude>
    <ClInclude Include="inc\FileOfDoubles.h">
      <Filter>Header Files</Filter>
    </ClInclude>
    <ClInclude Include="inc\Filesystem.h">
      <Filter>Header Files</Filter>
    </ClInclude>
    <ClInclude Include="inc\Initialization.h">
      <Filter>Header Files</Filter>
    </ClInclude>
    <ClInclude Include="inc\InvalidatedIterators.h">
      <Filter>Header Files</Filter>
    </ClInclude>
    <ClInclude Include="inc\Istreams.h">
      <Filter>Header Files</Filter>
    </ClInclude>
    <ClInclude Include="inc\MoveConstructor.h">
      <Filter>Header Files</Filter>
    </ClInclude>
    <ClInclude Include="inc\MyClass.h">
      <Filter>Header Files</Filter>
    </ClInclude>
    <ClInclude Include="inc\MyEnum.h">
      <Filter>Header Files</Filter>
    </ClInclude>
    <ClInclude Include="inc\OstreamsFormatting.h">
      <Filter>Header Files</Filter>
    </ClInclude>
    <ClInclude Include="inc\PointersArraysAndReferences.h">
      <Filter>Header Files</Filter>
    </ClInclude>
    <ClInclude Include="inc\RawLoopVersusStlAlgorithmPerformance.h">
      <Filter>Header Files</Filter>
    </ClInclude>
    <ClInclude Include="inc\StreamIterators.h">
      <Filter>Header Files</Filter>
    </ClInclude>
    <ClInclude Include="inc\StreamIterators2.h">
      <Filter>Header Files</Filter>
    </ClInclude>
    <ClInclude Include="inc\StringStreams.h">
      <Filter>Header Files</Filter>
    </ClInclude>
    <ClInclude Include="inc\TemplateArgumentDeduction.h">
      <Filter>Header Files</Filter>
    </ClInclude>
    <ClInclude Include="inc\TemplateFolds.h">
      <Filter>Header Files</Filter>
    </ClInclude>
    <ClInclude Include="inc\Utils.h">
      <Filter>Header Files</Filter>
    </ClInclude>
    <ClInclude Include="inc\VectorBackInserterPerformance.h">
      <Filter>Header Files</Filter>
    </ClInclude>
    <ClInclude Include="inc\Span.h">
      <Filter>Header Files</Filter>
    </ClInclude>
    <ClInclude Include="inc\Bitset.h">
      <Filter>Header Files</Filter>
    </ClInclude>
    <ClInclude Include="inc\Pair.h">
      <Filter>Header Files</Filter>
    </ClInclude>
    <ClInclude Include="inc\Thread.h">
      <Filter>Header Files</Filter>
    </ClInclude>
    <ClInclude Include="inc\ConditionVariable.h">
      <Filter>Header Files</Filter>
    </ClInclude>
    <ClInclude Include="inc\Random.h">
      <Filter>Header Files</Filter>
    </ClInclude>
    <ClInclude Include="inc\PackagedTask.h">
      <Filter>Header Files</Filter>
    </ClInclude>
  </ItemGroup>
  <ItemGroup>
    <ClCompile Include="inc\MyModule.ixx">
      <Filter>Header Files</Filter>
    </ClCompile>
    <ClCompile Include="src\Constructors.cpp">
      <Filter>Source Files</Filter>
    </ClCompile>
    <ClCompile Include="src\ConstructorsAndDestructorsOrder.cpp">
      <Filter>Source Files</Filter>
    </ClCompile>
    <ClCompile Include="src\ExplicitConstructor.cpp">
      <Filter>Source Files</Filter>
    </ClCompile>
    <ClCompile Include="src\FileOfDoubles.cpp">
      <Filter>Source Files</Filter>
    </ClCompile>
    <ClCompile Include="src\Filesystem.cpp">
      <Filter>Source Files</Filter>
    </ClCompile>
    <ClCompile Include="src\Initialization.cpp">
      <Filter>Source Files</Filter>
    </ClCompile>
    <ClCompile Include="src\InvalidatedIterators.cpp">
      <Filter>Source Files</Filter>
    </ClCompile>
    <ClCompile Include="src\Istreams.cpp">
      <Filter>Source Files</Filter>
    </ClCompile>
    <ClCompile Include="src\Main.cpp">
      <Filter>Source Files</Filter>
    </ClCompile>
    <ClCompile Include="src\MoveConstructor.cpp">
      <Filter>Source Files</Filter>
    </ClCompile>
    <ClCompile Include="src\MyClass.cpp">
      <Filter>Source Files</Filter>
    </ClCompile>
    <ClCompile Include="src\MyEnum.cpp">
      <Filter>Source Files</Filter>
    </ClCompile>
    <ClCompile Include="src\OstreamsFormatting.cpp">
      <Filter>Source Files</Filter>
    </ClCompile>
    <ClCompile Include="src\PointersArraysAndReferences.cpp">
      <Filter>Source Files</Filter>
    </ClCompile>
    <ClCompile Include="src\RawLoopVersusStlAlgorithmPerformance.cpp">
      <Filter>Source Files</Filter>
    </ClCompile>
    <ClCompile Include="src\StreamIterators.cpp">
      <Filter>Source Files</Filter>
    </ClCompile>
    <ClCompile Include="src\StreamIterators2.cpp">
      <Filter>Source Files</Filter>
    </ClCompile>
    <ClCompile Include="src\StringStreams.cpp">
      <Filter>Source Files</Filter>
    </ClCompile>
    <ClCompile Include="src\TemplateArgumentDeduction.cpp">
      <Filter>Source Files</Filter>
    </ClCompile>
    <ClCompile Include="src\TemplateFolds.cpp">
      <Filter>Source Files</Filter>
    </ClCompile>
    <ClCompile Include="src\Utils.cpp">
      <Filter>Source Files</Filter>
    </ClCompile>
    <ClCompile Include="src\VectorBackInserterPerformance.cpp">
      <Filter>Source Files</Filter>
    </ClCompile>
    <ClCompile Include="src\Span.cpp">
      <Filter>Source Files</Filter>
    </ClCompile>
    <ClCompile Include="src\Bitset.cpp">
      <Filter>Source Files</Filter>
    </ClCompile>
    <ClCompile Include="src\Pair.cpp">
      <Filter>Source Files</Filter>
    </ClCompile>
    <ClCompile Include="src\Thread.cpp">
      <Filter>Source Files</Filter>
    </ClCompile>
    <ClCompile Include="src\ConditionVariable.cpp">
      <Filter>Source Files</Filter>
    </ClCompile>
    <ClCompile Include="src\PackagedTask.cpp">
      <Filter>Source Files</Filter>
    </ClCompile>
    <ClCompile Include="mod\Async.ixx">
      <Filter>Module Files</Filter>
    </ClCompile>
    <ClCompile Include="mod\Auto.ixx">
      <Filter>Module Files</Filter>
    </ClCompile>
    <ClCompile Include="mod\Utils.ixx">
      <Filter>Module Files</Filter>
    </ClCompile>
  </ItemGroup>
</Project>